
Microsoft Visual Studio Solution File, Format Version 12.00
# Visual Studio 2012
Project("{FAE04EC0-301F-11D3-BF4B-00C04F79EFBC}") = "UI", "UI\UI.csproj", "{C692F3DE-1A9A-4524-BCFC-59248EF9C30C}"
EndProject
Project("{FAE04EC0-301F-11D3-BF4B-00C04F79EFBC}") = "Model", "Model\Model.csproj", "{D00155FC-84E9-4053-964F-4A905D1DAB4A}"
EndProject
Project("{FAE04EC0-301F-11D3-BF4B-00C04F79EFBC}") = "Data", "Millennials.Data\Data.csproj", "{E0C63118-A758-4F87-B00E-B9618448D92F}"
EndProject
Project("{FAE04EC0-301F-11D3-BF4B-00C04F79EFBC}") = "Business", "Business\Business.csproj", "{90600379-41B9-4A8A-AD12-B1F891984F32}"
EndProject
Project("{FAE04EC0-301F-11D3-BF4B-00C04F79EFBC}") = "Millennials.Creator", "Millennials.Creator\Millennials.Creator.csproj", "{210378B4-47E4-4E78-A79E-A50CA9E24D52}"
EndProject
Project("{FAE04EC0-301F-11D3-BF4B-00C04F79EFBC}") = "Docking", "WinFormsUI\Docking.csproj", "{C75532C4-765B-418E-B09B-46D36B2ABDB1}"
EndProject
Project("{FAE04EC0-301F-11D3-BF4B-00C04F79EFBC}") = "Common", "Common\Common.csproj", "{163DB1CF-D340-457B-B664-60B6A21DC39B}"
EndProject
Project("{2150E333-8FDC-42A3-9474-1A3956D46DE8}") = "Thirdparty", "Thirdparty", "{872F7A12-9C73-4792-91DE-CB4EA949940F}"
	ProjectSection(SolutionItems) = preProject
		Thirdparty\CustomControls.dll = Thirdparty\CustomControls.dll
		Thirdparty\ICSharpCode.SharpZipLib.dll = Thirdparty\ICSharpCode.SharpZipLib.dll
		E:\三层生成\三层生成\HaoCodeBuilder.Data.MySql\bin\Debug\MySql.Data.dll = E:\三层生成\三层生成\HaoCodeBuilder.Data.MySql\bin\Debug\MySql.Data.dll
		Thirdparty\NPOI.dll = Thirdparty\NPOI.dll
		Thirdparty\NPOI.OOXML.dll = Thirdparty\NPOI.OOXML.dll
		Thirdparty\NPOI.OpenXml4Net.dll = Thirdparty\NPOI.OpenXml4Net.dll
		Thirdparty\NPOI.OpenXmlFormats.dll = Thirdparty\NPOI.OpenXmlFormats.dll
		Thirdparty\NPOI.XML = Thirdparty\NPOI.XML
		E:\三层生成\三层生成\HaoCodeBuilder.Data.Sqlite\bin\Debug\System.Data.SQLite.dll = E:\三层生成\三层生成\HaoCodeBuilder.Data.Sqlite\bin\Debug\System.Data.SQLite.dll
	EndProjectSection
EndProject
Project("{FAE04EC0-301F-11D3-BF4B-00C04F79EFBC}") = "IData", "IData\IData.csproj", "{785EF77C-4A21-4DE6-A454-F1A3C670322E}"
EndProject
Project("{2150E333-8FDC-42A3-9474-1A3956D46DE8}") = "AotoBuildCode", "AotoBuildCode", "{00B842F9-9DE5-4392-BC4A-81783041042A}"
EndProject
Project("{FAE04EC0-301F-11D3-BF4B-00C04F79EFBC}") = "Data.Access", "Data.Access\Data.Access.csproj", "{2B027833-88ED-4245-9BEE-4D8B3BC86F43}"
EndProject
Project("{FAE04EC0-301F-11D3-BF4B-00C04F79EFBC}") = "Data.MySql", "Data.MySql\Data.MySql.csproj", "{6560CDB1-C655-4DE4-B059-07312816F2A2}"
EndProject
Project("{FAE04EC0-301F-11D3-BF4B-00C04F79EFBC}") = "Data.Oracle", "Data.Oracle\Data.Oracle.csproj", "{DE2E25F6-2A6F-4192-824B-446EB18B922C}"
EndProject
Project("{FAE04EC0-301F-11D3-BF4B-00C04F79EFBC}") = "Data.Sqlite", "Data.Sqlite\Data.Sqlite.csproj", "{97858E96-E14D-4FB8-B5A1-646B2F581206}"
EndProject
Project("{FAE04EC0-301F-11D3-BF4B-00C04F79EFBC}") = "Data.SqlServer", "Data.SqlServer\Data.SqlServer.csproj", "{9F6A8754-7BA9-4D30-9EE7-DA2327730081}"
EndProject
Project("{2150E333-8FDC-42A3-9474-1A3956D46DE8}") = "DataBaseFactory", "DataBaseFactory", "{2781A4B3-5820-473E-B82F-B0EE63974B52}"
EndProject
Project("{FAE04EC0-301F-11D3-BF4B-00C04F79EFBC}") = "Factory", "Factory\Factory.csproj", "{04201CF9-F156-423E-8E1D-51940DAC624D}"
EndProject
Global
	GlobalSection(SolutionConfigurationPlatforms) = preSolution
		Debug|Any CPU = Debug|Any CPU
		Release|Any CPU = Release|Any CPU
	EndGlobalSection
	GlobalSection(ProjectConfigurationPlatforms) = postSolution
		{C692F3DE-1A9A-4524-BCFC-59248EF9C30C}.Debug|Any CPU.ActiveCfg = Debug|Any CPU
		{C692F3DE-1A9A-4524-BCFC-59248EF9C30C}.Debug|Any CPU.Build.0 = Debug|Any CPU
		{C692F3DE-1A9A-4524-BCFC-59248EF9C30C}.Release|Any CPU.ActiveCfg = Release|Any CPU
		{C692F3DE-1A9A-4524-BCFC-59248EF9C30C}.Release|Any CPU.Build.0 = Release|Any CPU
		{D00155FC-84E9-4053-964F-4A905D1DAB4A}.Debug|Any CPU.ActiveCfg = Debug|Any CPU
		{D00155FC-84E9-4053-964F-4A905D1DAB4A}.Debug|Any CPU.Build.0 = Debug|Any CPU
		{D00155FC-84E9-4053-964F-4A905D1DAB4A}.Release|Any CPU.ActiveCfg = Release|Any CPU
		{D00155FC-84E9-4053-964F-4A905D1DAB4A}.Release|Any CPU.Build.0 = Release|Any CPU
		{E0C63118-A758-4F87-B00E-B9618448D92F}.Debug|Any CPU.ActiveCfg = Debug|Any CPU
		{E0C63118-A758-4F87-B00E-B9618448D92F}.Debug|Any CPU.Build.0 = Debug|Any CPU
		{E0C63118-A758-4F87-B00E-B9618448D92F}.Release|Any CPU.ActiveCfg = Release|Any CPU
		{E0C63118-A758-4F87-B00E-B9618448D92F}.Release|Any CPU.Build.0 = Release|Any CPU
		{90600379-41B9-4A8A-AD12-B1F891984F32}.Debug|Any CPU.ActiveCfg = Debug|Any CPU
		{90600379-41B9-4A8A-AD12-B1F891984F32}.Debug|Any CPU.Build.0 = Debug|Any CPU
		{90600379-41B9-4A8A-AD12-B1F891984F32}.Release|Any CPU.ActiveCfg = Release|Any CPU
		{90600379-41B9-4A8A-AD12-B1F891984F32}.Release|Any CPU.Build.0 = Release|Any CPU
		{210378B4-47E4-4E78-A79E-A50CA9E24D52}.Debug|Any CPU.ActiveCfg = Debug|Any CPU
		{210378B4-47E4-4E78-A79E-A50CA9E24D52}.Debug|Any CPU.Build.0 = Debug|Any CPU
		{210378B4-47E4-4E78-A79E-A50CA9E24D52}.Release|Any CPU.ActiveCfg = Release|Any CPU
		{210378B4-47E4-4E78-A79E-A50CA9E24D52}.Release|Any CPU.Build.0 = Release|Any CPU
		{C75532C4-765B-418E-B09B-46D36B2ABDB1}.Debug|Any CPU.ActiveCfg = Debug|Any CPU
		{C75532C4-765B-418E-B09B-46D36B2ABDB1}.Debug|Any CPU.Build.0 = Debug|Any CPU
		{C75532C4-765B-418E-B09B-46D36B2ABDB1}.Release|Any CPU.ActiveCfg = Release|Any CPU
		{C75532C4-765B-418E-B09B-46D36B2ABDB1}.Release|Any CPU.Build.0 = Release|Any CPU
		{163DB1CF-D340-457B-B664-60B6A21DC39B}.Debug|Any CPU.ActiveCfg = Debug|Any CPU
		{163DB1CF-D340-457B-B664-60B6A21DC39B}.Debug|Any CPU.Build.0 = Debug|Any CPU
		{163DB1CF-D340-457B-B664-60B6A21DC39B}.Release|Any CPU.ActiveCfg = Release|Any CPU
		{163DB1CF-D340-457B-B664-60B6A21DC39B}.Release|Any CPU.Build.0 = Release|Any CPU
		{785EF77C-4A21-4DE6-A454-F1A3C670322E}.Debug|Any CPU.ActiveCfg = Debug|Any CPU
		{785EF77C-4A21-4DE6-A454-F1A3C670322E}.Debug|Any CPU.Build.0 = Debug|Any CPU
		{785EF77C-4A21-4DE6-A454-F1A3C670322E}.Release|Any CPU.ActiveCfg = Release|Any CPU
		{785EF77C-4A21-4DE6-A454-F1A3C670322E}.Release|Any CPU.Build.0 = Release|Any CPU
		{2B027833-88ED-4245-9BEE-4D8B3BC86F43}.Debug|Any CPU.ActiveCfg = Debug|Any CPU
		{2B027833-88ED-4245-9BEE-4D8B3BC86F43}.Debug|Any CPU.Build.0 = Debug|Any CPU
		{2B027833-88ED-4245-9BEE-4D8B3BC86F43}.Release|Any CPU.ActiveCfg = Release|Any CPU
		{2B027833-88ED-4245-9BEE-4D8B3BC86F43}.Release|Any CPU.Build.0 = Release|Any CPU
		{6560CDB1-C655-4DE4-B059-07312816F2A2}.Debug|Any CPU.ActiveCfg = Debug|Any CPU
		{6560CDB1-C655-4DE4-B059-07312816F2A2}.Debug|Any CPU.Build.0 = Debug|Any CPU
		{6560CDB1-C655-4DE4-B059-07312816F2A2}.Release|Any CPU.ActiveCfg = Release|Any CPU
		{6560CDB1-C655-4DE4-B059-07312816F2A2}.Release|Any CPU.Build.0 = Release|Any CPU
		{DE2E25F6-2A6F-4192-824B-446EB18B922C}.Debug|Any CPU.ActiveCfg = Debug|Any CPU
		{DE2E25F6-2A6F-4192-824B-446EB18B922C}.Debug|Any CPU.Build.0 = Debug|Any CPU
		{DE2E25F6-2A6F-4192-824B-446EB18B922C}.Release|Any CPU.ActiveCfg = Release|Any CPU
		{DE2E25F6-2A6F-4192-824B-446EB18B922C}.Release|Any CPU.Build.0 = Release|Any CPU
		{97858E96-E14D-4FB8-B5A1-646B2F581206}.Debug|Any CPU.ActiveCfg = Debug|Any CPU
		{97858E96-E14D-4FB8-B5A1-646B2F581206}.Debug|Any CPU.Build.0 = Debug|Any CPU
		{97858E96-E14D-4FB8-B5A1-646B2F581206}.Release|Any CPU.ActiveCfg = Release|Any CPU
		{97858E96-E14D-4FB8-B5A1-646B2F581206}.Release|Any CPU.Build.0 = Release|Any CPU
		{9F6A8754-7BA9-4D30-9EE7-DA2327730081}.Debug|Any CPU.ActiveCfg = Debug|Any CPU
		{9F6A8754-7BA9-4D30-9EE7-DA2327730081}.Debug|Any CPU.Build.0 = Debug|Any CPU
		{9F6A8754-7BA9-4D30-9EE7-DA2327730081}.Release|Any CPU.ActiveCfg = Release|Any CPU
		{9F6A8754-7BA9-4D30-9EE7-DA2327730081}.Release|Any CPU.Build.0 = Release|Any CPU
		{04201CF9-F156-423E-8E1D-51940DAC624D}.Debug|Any CPU.ActiveCfg = Debug|Any CPU
		{04201CF9-F156-423E-8E1D-51940DAC624D}.Debug|Any CPU.Build.0 = Debug|Any CPU
		{04201CF9-F156-423E-8E1D-51940DAC624D}.Release|Any CPU.ActiveCfg = Release|Any CPU
		{04201CF9-F156-423E-8E1D-51940DAC624D}.Release|Any CPU.Build.0 = Release|Any CPU
	EndGlobalSection
	GlobalSection(SolutionProperties) = preSolution
		HideSolutionNode = FALSE
	EndGlobalSection
	GlobalSection(NestedProjects) = preSolution
		{E0C63118-A758-4F87-B00E-B9618448D92F} = {00B842F9-9DE5-4392-BC4A-81783041042A}
		{90600379-41B9-4A8A-AD12-B1F891984F32} = {00B842F9-9DE5-4392-BC4A-81783041042A}
		{210378B4-47E4-4E78-A79E-A50CA9E24D52} = {00B842F9-9DE5-4392-BC4A-81783041042A}
		{C75532C4-765B-418E-B09B-46D36B2ABDB1} = {00B842F9-9DE5-4392-BC4A-81783041042A}
		{163DB1CF-D340-457B-B664-60B6A21DC39B} = {00B842F9-9DE5-4392-BC4A-81783041042A}
		{785EF77C-4A21-4DE6-A454-F1A3C670322E} = {00B842F9-9DE5-4392-BC4A-81783041042A}
		{D00155FC-84E9-4053-964F-4A905D1DAB4A} = {00B842F9-9DE5-4392-BC4A-81783041042A}
		{2781A4B3-5820-473E-B82F-B0EE63974B52} = {00B842F9-9DE5-4392-BC4A-81783041042A}
		{04201CF9-F156-423E-8E1D-51940DAC624D} = {00B842F9-9DE5-4392-BC4A-81783041042A}
		{6560CDB1-C655-4DE4-B059-07312816F2A2} = {2781A4B3-5820-473E-B82F-B0EE63974B52}
		{DE2E25F6-2A6F-4192-824B-446EB18B922C} = {2781A4B3-5820-473E-B82F-B0EE63974B52}
		{97858E96-E14D-4FB8-B5A1-646B2F581206} = {2781A4B3-5820-473E-B82F-B0EE63974B52}
		{9F6A8754-7BA9-4D30-9EE7-DA2327730081} = {2781A4B3-5820-473E-B82F-B0EE63974B52}
		{2B027833-88ED-4245-9BEE-4D8B3BC86F43} = {2781A4B3-5820-473E-B82F-B0EE63974B52}
	EndGlobalSection
EndGlobal
